
Microsoft Visual Studio Solution File, Format Version 12.00
# Visual Studio 14
VisualStudioVersion = 14.0.25420.1
MinimumVisualStudioVersion = 10.0.40219.1
Project("{F14B399A-7131-4C87-9E4B-1186C45EF12D}") = "Report Project2", "Report Project2.rptproj", "{E6A391EA-E38E-468E-9086-C0516B9B9A80}"
EndProject
Global
	GlobalSection(SolutionConfigurationPlatforms) = preSolution
		Debug|Default = Debug|Default
		DebugLocal|Default = DebugLocal|Default
		Release|Default = Release|Default
	EndGlobalSection
	GlobalSection(ProjectConfigurationPlatforms) = postSolution
		{E6A391EA-E38E-468E-9086-C0516B9B9A80}.Debug|Default.ActiveCfg = Debug
		{E6A391EA-E38E-468E-9086-C0516B9B9A80}.Debug|Default.Build.0 = Debug
		{E6A391EA-E38E-468E-9086-C0516B9B9A80}.Debug|Default.Deploy.0 = Debug
		{E6A391EA-E38E-468E-9086-C0516B9B9A80}.DebugLocal|Default.ActiveCfg = DebugLocal
		{E6A391EA-E38E-468E-9086-C0516B9B9A80}.DebugLocal|Default.Build.0 = DebugLocal
		{E6A391EA-E38E-468E-9086-C0516B9B9A80}.Release|Default.ActiveCfg = Release
		{E6A391EA-E38E-468E-9086-C0516B9B9A80}.Release|Default.Build.0 = Release
		{E6A391EA-E38E-468E-9086-C0516B9B9A80}.Release|Default.Deploy.0 = Release
	EndGlobalSection
	GlobalSection(SolutionProperties) = preSolution
		HideSolutionNode = FALSE
	EndGlobalSection
EndGlobal
